
Microsoft Visual Studio Solution File, Format Version 12.00
# Visual Studio 14
VisualStudioVersion = 14.0.25420.1
MinimumVisualStudioVersion = 10.0.40219.1
Project("{FAE04EC0-301F-11D3-BF4B-00C04F79EFBC}") = "BetterConfig", "BetterConfig\BetterConfig.csproj", "{0EE389CD-DDD9-4124-8FD7-BCAC0574BE90}"
EndProject
Project("{FAE04EC0-301F-11D3-BF4B-00C04F79EFBC}") = "BetterConfig.Test", "BetterConfig.Test\BetterConfig.Test.csproj", "{353AE09C-D187-49A8-B4D7-8463AF4CD1B8}"
EndProject
Project("{FAE04EC0-301F-11D3-BF4B-00C04F79EFBC}") = "BetterConfig.Server", "BetterConfig.Server\BetterConfig.Server.csproj", "{696DE1A0-86C4-49C1-9104-BC6DC615FE17}"
EndProject
Global
	GlobalSection(SolutionConfigurationPlatforms) = preSolution
		Debug|Any CPU = Debug|Any CPU
		Release|Any CPU = Release|Any CPU
	EndGlobalSection
	GlobalSection(ProjectConfigurationPlatforms) = postSolution
		{0EE389CD-DDD9-4124-8FD7-BCAC0574BE90}.Debug|Any CPU.ActiveCfg = Debug|Any CPU
		{0EE389CD-DDD9-4124-8FD7-BCAC0574BE90}.Debug|Any CPU.Build.0 = Debug|Any CPU
		{0EE389CD-DDD9-4124-8FD7-BCAC0574BE90}.Release|Any CPU.ActiveCfg = Release|Any CPU
		{0EE389CD-DDD9-4124-8FD7-BCAC0574BE90}.Release|Any CPU.Build.0 = Release|Any CPU
		{353AE09C-D187-49A8-B4D7-8463AF4CD1B8}.Debug|Any CPU.ActiveCfg = Debug|Any CPU
		{353AE09C-D187-49A8-B4D7-8463AF4CD1B8}.Debug|Any CPU.Build.0 = Debug|Any CPU
		{353AE09C-D187-49A8-B4D7-8463AF4CD1B8}.Release|Any CPU.ActiveCfg = Release|Any CPU
		{353AE09C-D187-49A8-B4D7-8463AF4CD1B8}.Release|Any CPU.Build.0 = Release|Any CPU
		{696DE1A0-86C4-49C1-9104-BC6DC615FE17}.Debug|Any CPU.ActiveCfg = Debug|Any CPU
		{696DE1A0-86C4-49C1-9104-BC6DC615FE17}.Debug|Any CPU.Build.0 = Debug|Any CPU
		{696DE1A0-86C4-49C1-9104-BC6DC615FE17}.Release|Any CPU.ActiveCfg = Release|Any CPU
		{696DE1A0-86C4-49C1-9104-BC6DC615FE17}.Release|Any CPU.Build.0 = Release|Any CPU
	EndGlobalSection
	GlobalSection(SolutionProperties) = preSolution
		HideSolutionNode = FALSE
	EndGlobalSection
EndGlobal
